// !$*UTF8*$!
{
	archiveVersion = 1;
	classes = {
	};
	objectVersion = 56;
	objects = {

/* Begin PBXBuildFile section */
		F9CEBB6B29F40B4B00CAAEBA /* MoonshotApp.swift in Sources */ = {isa = PBXBuildFile; fileRef = F9CEBB6A29F40B4B00CAAEBA /* MoonshotApp.swift */; };
		F9CEBB6D29F40B4B00CAAEBA /* ContentView.swift in Sources */ = {isa = PBXBuildFile; fileRef = F9CEBB6C29F40B4B00CAAEBA /* ContentView.swift */; };
		F9CEBB6F29F40B4D00CAAEBA /* Assets.xcassets in Resources */ = {isa = PBXBuildFile; fileRef = F9CEBB6E29F40B4D00CAAEBA /* Assets.xcassets */; };
		F9CEBB7229F40B4D00CAAEBA /* Preview Assets.xcassets in Resources */ = {isa = PBXBuildFile; fileRef = F9CEBB7129F40B4D00CAAEBA /* Preview Assets.xcassets */; };
		F9CEBB7A29F54B6300CAAEBA /* astronauts.json in Resources */ = {isa = PBXBuildFile; fileRef = F9CEBB7829F54B6300CAAEBA /* astronauts.json */; };
		F9CEBB7B29F54B6300CAAEBA /* missions.json in Resources */ = {isa = PBXBuildFile; fileRef = F9CEBB7929F54B6300CAAEBA /* missions.json */; };
		F9CEBB7D29F54BE900CAAEBA /* Astronaut.swift in Sources */ = {isa = PBXBuildFile; fileRef = F9CEBB7C29F54BE900CAAEBA /* Astronaut.swift */; };
		F9CEBB7F29F54C7300CAAEBA /* Bundle-Decodable.swift in Sources */ = {isa = PBXBuildFile; fileRef = F9CEBB7E29F54C7300CAAEBA /* Bundle-Decodable.swift */; };
		F9CEBB8129F54F1400CAAEBA /* Mission.swift in Sources */ = {isa = PBXBuildFile; fileRef = F9CEBB8029F54F1400CAAEBA /* Mission.swift */; };
		F9CEBB8329F557EE00CAAEBA /* Color-Theme.swift in Sources */ = {isa = PBXBuildFile; fileRef = F9CEBB8229F557EE00CAAEBA /* Color-Theme.swift */; };
		F9CEBB8529F6C1A400CAAEBA /* MissionView.swift in Sources */ = {isa = PBXBuildFile; fileRef = F9CEBB8429F6C1A400CAAEBA /* MissionView.swift */; };
		F9CEBB8729F7E4B100CAAEBA /* AstronautView.swift in Sources */ = {isa = PBXBuildFile; fileRef = F9CEBB8629F7E4B100CAAEBA /* AstronautView.swift */; };
/* End PBXBuildFile section */

/* Begin PBXFileReference section */
		F9CEBB6729F40B4B00CAAEBA /* Moonshot.app */ = {isa = PBXFileReference; explicitFileType = wrapper.application; includeInIndex = 0; path = Moonshot.app; sourceTree = BUILT_PRODUCTS_DIR; };
		F9CEBB6A29F40B4B00CAAEBA /* MoonshotApp.swift */ = {isa = PBXFileReference; lastKnownFileType = sourcecode.swift; path = MoonshotApp.swift; sourceTree = "<group>"; };
		F9CEBB6C29F40B4B00CAAEBA /* ContentView.swift */ = {isa = PBXFileReference; lastKnownFileType = sourcecode.swift; path = ContentView.swift; sourceTree = "<group>"; };
		F9CEBB6E29F40B4D00CAAEBA /* Assets.xcassets */ = {isa = PBXFileReference; lastKnownFileType = folder.assetcatalog; path = Assets.xcassets; sourceTree = "<group>"; };
		F9CEBB7129F40B4D00CAAEBA /* Preview Assets.xcassets */ = {isa = PBXFileReference; lastKnownFileType = folder.assetcatalog; path = "Preview Assets.xcassets"; sourceTree = "<group>"; };
		F9CEBB7829F54B6300CAAEBA /* astronauts.json */ = {isa = PBXFileReference; fileEncoding = 4; lastKnownFileType = text.json; path = astronauts.json; sourceTree = "<group>"; };
		F9CEBB7929F54B6300CAAEBA /* missions.json */ = {isa = PBXFileReference; fileEncoding = 4; lastKnownFileType = text.json; path = missions.json; sourceTree = "<group>"; };
		F9CEBB7C29F54BE900CAAEBA /* Astronaut.swift */ = {isa = PBXFileReference; lastKnownFileType = sourcecode.swift; path = Astronaut.swift; sourceTree = "<group>"; };
		F9CEBB7E29F54C7300CAAEBA /* Bundle-Decodable.swift */ = {isa = PBXFileReference; lastKnownFileType = sourcecode.swift; path = "Bundle-Decodable.swift"; sourceTree = "<group>"; };
		F9CEBB8029F54F1400CAAEBA /* Mission.swift */ = {isa = PBXFileReference; lastKnownFileType = sourcecode.swift; path = Mission.swift; sourceTree = "<group>"; };
		F9CEBB8229F557EE00CAAEBA /* Color-Theme.swift */ = {isa = PBXFileReference; lastKnownFileType = sourcecode.swift; path = "Color-Theme.swift"; sourceTree = "<group>"; };
		F9CEBB8429F6C1A400CAAEBA /* MissionView.swift */ = {isa = PBXFileReference; lastKnownFileType = sourcecode.swift; path = MissionView.swift; sourceTree = "<group>"; };
		F9CEBB8629F7E4B100CAAEBA /* AstronautView.swift */ = {isa = PBXFileReference; lastKnownFileType = sourcecode.swift; path = AstronautView.swift; sourceTree = "<group>"; };
/* End PBXFileReference section */

/* Begin PBXFrameworksBuildPhase section */
		F9CEBB6429F40B4B00CAAEBA /* Frameworks */ = {
			isa = PBXFrameworksBuildPhase;
			buildActionMask = 2147483647;
			files = (
			);
			runOnlyForDeploymentPostprocessing = 0;
		};
/* End PBXFrameworksBuildPhase section */

/* Begin PBXGroup section */
		F9CEBB5E29F40B4B00CAAEBA = {
			isa = PBXGroup;
			children = (
				F9CEBB6929F40B4B00CAAEBA /* Moonshot */,
				F9CEBB6829F40B4B00CAAEBA /* Products */,
			);
			sourceTree = "<group>";
		};
		F9CEBB6829F40B4B00CAAEBA /* Products */ = {
			isa = PBXGroup;
			children = (
				F9CEBB6729F40B4B00CAAEBA /* Moonshot.app */,
			);
			name = Products;
			sourceTree = "<group>";
		};
		F9CEBB6929F40B4B00CAAEBA /* Moonshot */ = {
			isa = PBXGroup;
			children = (
				F9CEBB6A29F40B4B00CAAEBA /* MoonshotApp.swift */,
				F9CEBB6C29F40B4B00CAAEBA /* ContentView.swift */,
				F9CEBB8429F6C1A400CAAEBA /* MissionView.swift */,
				F9CEBB8629F7E4B100CAAEBA /* AstronautView.swift */,
				F9CEBB8229F557EE00CAAEBA /* Color-Theme.swift */,
				F9CEBB7C29F54BE900CAAEBA /* Astronaut.swift */,
				F9CEBB8029F54F1400CAAEBA /* Mission.swift */,
				F9CEBB7E29F54C7300CAAEBA /* Bundle-Decodable.swift */,
				F9CEBB7829F54B6300CAAEBA /* astronauts.json */,
				F9CEBB7929F54B6300CAAEBA /* missions.json */,
				F9CEBB6E29F40B4D00CAAEBA /* Assets.xcassets */,
				F9CEBB7029F40B4D00CAAEBA /* Preview Content */,
			);
			path = Moonshot;
			sourceTree = "<group>";
		};
		F9CEBB7029F40B4D00CAAEBA /* Preview Content */ = {
			isa = PBXGroup;
			children = (
				F9CEBB7129F40B4D00CAAEBA /* Preview Assets.xcassets */,
			);
			path = "Preview Content";
			sourceTree = "<group>";
		};
/* End PBXGroup section */

/* Begin PBXNativeTarget section */
		F9CEBB6629F40B4B00CAAEBA /* Moonshot */ = {
			isa = PBXNativeTarget;
			buildConfigurationList = F9CEBB7529F40B4D00CAAEBA /* Build configuration list for PBXNativeTarget "Moonshot" */;
			buildPhases = (
				F9CEBB6329F40B4B00CAAEBA /* Sources */,
				F9CEBB6429F40B4B00CAAEBA /* Frameworks */,
				F9CEBB6529F40B4B00CAAEBA /* Resources */,
			);
			buildRules = (
			);
			dependencies = (
			);
			name = Moonshot;
			productName = Moonshot;
			productReference = F9CEBB6729F40B4B00CAAEBA /* Moonshot.app */;
			productType = "com.apple.product-type.application";
		};
/* End PBXNativeTarget section */

/* Begin PBXProject section */
		F9CEBB5F29F40B4B00CAAEBA /* Project object */ = {
			isa = PBXProject;
			attributes = {
				BuildIndependentTargetsInParallel = 1;
				LastSwiftUpdateCheck = 1420;
				LastUpgradeCheck = 1420;
				TargetAttributes = {
					F9CEBB6629F40B4B00CAAEBA = {
						CreatedOnToolsVersion = 14.2;
					};
				};
			};
			buildConfigurationList = F9CEBB6229F40B4B00CAAEBA /* Build configuration list for PBXProject "Moonshot" */;
			compatibilityVersion = "Xcode 14.0";
			developmentRegion = en;
			hasScannedForEncodings = 0;
			knownRegions = (
				en,
				Base,
			);
			mainGroup = F9CEBB5E29F40B4B00CAAEBA;
			productRefGroup = F9CEBB6829F40B4B00CAAEBA /* Products */;
			projectDirPath = "";
			projectRoot = "";
			targets = (
				F9CEBB6629F40B4B00CAAEBA /* Moonshot */,
			);
		};
/* End PBXProject section */

/* Begin PBXResourcesBuildPhase section */
		F9CEBB6529F40B4B00CAAEBA /* Resources */ = {
			isa = PBXResourcesBuildPhase;
			buildActionMask = 2147483647;
			files = (
				F9CEBB7A29F54B6300CAAEBA /* astronauts.json in Resources */,
				F9CEBB7229F40B4D00CAAEBA /* Preview Assets.xcassets in Resources */,
				F9CEBB7B29F54B6300CAAEBA /* missions.json in Resources */,
				F9CEBB6F29F40B4D00CAAEBA /* Assets.xcassets in Resources */,
			);
			runOnlyForDeploymentPostprocessing = 0;
		};
/* End PBXResourcesBuildPhase section */

/* Begin PBXSourcesBuildPhase section */
		F9CEBB6329F40B4B00CAAEBA /* Sources */ = {
			isa = PBXSourcesBuildPhase;
			buildActionMask = 2147483647;
			files = (
				F9CEBB8529F6C1A400CAAEBA /* MissionView.swift in Sources */,
				F9CEBB7D29F54BE900CAAEBA /* Astronaut.swift in Sources */,
				F9CEBB8729F7E4B100CAAEBA /* AstronautView.swift in Sources */,
				F9CEBB8329F557EE00CAAEBA /* Color-Theme.swift in Sources */,
				F9CEBB6D29F40B4B00CAAEBA /* ContentView.swift in Sources */,
				F9CEBB6B29F40B4B00CAAEBA /* MoonshotApp.swift in Sources */,
				F9CEBB8129F54F1400CAAEBA /* Mission.swift in Sources */,
				F9CEBB7F29F54C7300CAAEBA /* Bundle-Decodable.swift in Sources */,
			);
			runOnlyForDeploymentPostprocessing = 0;
		};
/* End PBXSourcesBuildPhase section */

/* Begin XCBuildConfiguration section */
		F9CEBB7329F40B4D00CAAEBA /* Debug */ = {
			isa = XCBuildConfiguration;
			buildSettings = {
				ALWAYS_SEARCH_USER_PATHS = NO;
				CLANG_ANALYZER_NONNULL = YES;
				CLANG_ANALYZER_NUMBER_OBJECT_CONVERSION = YES_AGGRESSIVE;
				CLANG_CXX_LANGUAGE_STANDARD = "gnu++20";
				CLANG_ENABLE_MODULES = YES;
				CLANG_ENABLE_OBJC_ARC = YES;
				CLANG_ENABLE_OBJC_WEAK = YES;
				CLANG_WARN_BLOCK_CAPTURE_AUTORELEASING = YES;
				CLANG_WARN_BOOL_CONVERSION = YES;
				CLANG_WARN_COMMA = YES;
				CLANG_WARN_CONSTANT_CONVERSION = YES;
				CLANG_WARN_DEPRECATED_OBJC_IMPLEMENTATIONS = YES;
				CLANG_WARN_DIRECT_OBJC_ISA_USAGE = YES_ERROR;
				CLANG_WARN_DOCUMENTATION_COMMENTS = YES;
				CLANG_WARN_EMPTY_BODY = YES;
				CLANG_WARN_ENUM_CONVERSION = YES;
				CLANG_WARN_INFINITE_RECURSION = YES;
				CLANG_WARN_INT_CONVERSION = YES;
				CLANG_WARN_NON_LITERAL_NULL_CONVERSION = YES;
				CLANG_WARN_OBJC_IMPLICIT_RETAIN_SELF = YES;
				CLANG_WARN_OBJC_LITERAL_CONVERSION = YES;
				CLANG_WARN_OBJC_ROOT_CLASS = YES_ERROR;
				CLANG_WARN_QUOTED_INCLUDE_IN_FRAMEWORK_HEADER = YES;
				CLANG_WARN_RANGE_LOOP_ANALYSIS = YES;
				CLANG_WARN_STRICT_PROTOTYPES = YES;
				CLANG_WARN_SUSPICIOUS_MOVE = YES;
				CLANG_WARN_UNGUARDED_AVAILABILITY = YES_AGGRESSIVE;
				CLANG_WARN_UNREACHABLE_CODE = YES;
				CLANG_WARN__DUPLICATE_METHOD_MATCH = YES;
				COPY_PHASE_STRIP = NO;
				DEBUG_INFORMATION_FORMAT = dwarf;
				ENABLE_STRICT_OBJC_MSGSEND = YES;
				ENABLE_TESTABILITY = YES;
				GCC_C_LANGUAGE_STANDARD = gnu11;
				GCC_DYNAMIC_NO_PIC = NO;
				GCC_NO_COMMON_BLOCKS = YES;
				GCC_OPTIMIZATION_LEVEL = 0;
				GCC_PREPROCESSOR_DEFINITIONS = (
					"DEBUG=1",
					"$(inherited)",
				);
				GCC_WARN_64_TO_32_BIT_CONVERSION = YES;
				GCC_WARN_ABOUT_RETURN_TYPE = YES_ERROR;
				GCC_WARN_UNDECLARED_SELECTOR = YES;
				GCC_WARN_UNINITIALIZED_AUTOS = YES_AGGRESSIVE;
				GCC_WARN_UNUSED_FUNCTION = YES;
				GCC_WARN_UNUSED_VARIABLE = YES;
				IPHONEOS_DEPLOYMENT_TARGET = 16.2;
				MTL_ENABLE_DEBUG_INFO = INCLUDE_SOURCE;
				MTL_FAST_MATH = YES;
				ONLY_ACTIVE_ARCH = YES;
				SDKROOT = iphoneos;
				SWIFT_ACTIVE_COMPILATION_CONDITIONS = DEBUG;
				SWIFT_OPTIMIZATION_LEVEL = "-Onone";
			};
			name = Debug;
		};
		F9CEBB7429F40B4D00CAAEBA /* Release */ = {
			isa = XCBuildConfiguration;
			buildSettings = {
				ALWAYS_SEARCH_USER_PATHS = NO;
				CLANG_ANALYZER_NONNULL = YES;
				CLANG_ANALYZER_NUMBER_OBJECT_CONVERSION = YES_AGGRESSIVE;
				CLANG_CXX_LANGUAGE_STANDARD = "gnu++20";
				CLANG_ENABLE_MODULES = YES;
				CLANG_ENABLE_OBJC_ARC = YES;
				CLANG_ENABLE_OBJC_WEAK = YES;
				CLANG_WARN_BLOCK_CAPTURE_AUTORELEASING = YES;
				CLANG_WARN_BOOL_CONVERSION = YES;
				CLANG_WARN_COMMA = YES;
				CLANG_WARN_CONSTANT_CONVERSION = YES;
				CLANG_WARN_DEPRECATED_OBJC_IMPLEMENTATIONS = YES;
				CLANG_WARN_DIRECT_OBJC_ISA_USAGE = YES_ERROR;
				CLANG_WARN_DOCUMENTATION_COMMENTS = YES;
				CLANG_WARN_EMPTY_BODY = YES;
				CLANG_WARN_ENUM_CONVERSION = YES;
				CLANG_WARN_INFINITE_RECURSION = YES;
				CLANG_WARN_INT_CONVERSION = YES;
				CLANG_WARN_NON_LITERAL_NULL_CONVERSION = YES;
				CLANG_WARN_OBJC_IMPLICIT_RETAIN_SELF = YES;
				CLANG_WARN_OBJC_LITERAL_CONVERSION = YES;
				CLANG_WARN_OBJC_ROOT_CLASS = YES_ERROR;
				CLANG_WARN_QUOTED_INCLUDE_IN_FRAMEWORK_HEADER = YES;
				CLANG_WARN_RANGE_LOOP_ANALYSIS = YES;
				CLANG_WARN_STRICT_PROTOTYPES = YES;
				CLANG_WARN_SUSPICIOUS_MOVE = YES;
				CLANG_WARN_UNGUARDED_AVAILABILITY = YES_AGGRESSIVE;
				CLANG_WARN_UNREACHABLE_CODE = YES;
				CLANG_WARN__DUPLICATE_METHOD_MATCH = YES;
				COPY_PHASE_STRIP = NO;
				DEBUG_INFORMATION_FORMAT = "dwarf-with-dsym";
				ENABLE_NS_ASSERTIONS = NO;
				ENABLE_STRICT_OBJC_MSGSEND = YES;
				GCC_C_LANGUAGE_STANDARD = gnu11;
				GCC_NO_COMMON_BLOCKS = YES;
				GCC_WARN_64_TO_32_BIT_CONVERSION = YES;
				GCC_WARN_ABOUT_RETURN_TYPE = YES_ERROR;
				GCC_WARN_UNDECLARED_SELECTOR = YES;
				GCC_WARN_UNINITIALIZED_AUTOS = YES_AGGRESSIVE;
				GCC_WARN_UNUSED_FUNCTION = YES;
				GCC_WARN_UNUSED_VARIABLE = YES;
				IPHONEOS_DEPLOYMENT_TARGET = 16.2;
				MTL_ENABLE_DEBUG_INFO = NO;
				MTL_FAST_MATH = YES;
				SDKROOT = iphoneos;
				SWIFT_COMPILATION_MODE = wholemodule;
				SWIFT_OPTIMIZATION_LEVEL = "-O";
				VALIDATE_PRODUCT = YES;
			};
			name = Release;
		};
		F9CEBB7629F40B4D00CAAEBA /* Debug */ = {
			isa = XCBuildConfiguration;
			buildSettings = {
				ASSETCATALOG_COMPILER_APPICON_NAME = AppIcon;
				ASSETCATALOG_COMPILER_GLOBAL_ACCENT_COLOR_NAME = AccentColor;
				CODE_SIGN_STYLE = Automatic;
				CURRENT_PROJECT_VERSION = 1;
				DEVELOPMENT_ASSET_PATHS = "\"Moonshot/Preview Content\"";
				DEVELOPMENT_TEAM = S2Q9K469B7;
				ENABLE_PREVIEWS = YES;
				GENERATE_INFOPLIST_FILE = YES;
				INFOPLIST_KEY_UIApplicationSceneManifest_Generation = YES;
				INFOPLIST_KEY_UIApplicationSupportsIndirectInputEvents = YES;
				INFOPLIST_KEY_UILaunchScreen_Generation = YES;
				INFOPLIST_KEY_UISupportedInterfaceOrientations_iPad = "UIInterfaceOrientationPortrait UIInterfaceOrientationPortraitUpsideDown UIInterfaceOrientationLandscapeLeft UIInterfaceOrientationLandscapeRight";
				INFOPLIST_KEY_UISupportedInterfaceOrientations_iPhone = "UIInterfaceOrientationPortrait UIInterfaceOrientationLandscapeLeft UIInterfaceOrientationLandscapeRight";
				LD_RUNPATH_SEARCH_PATHS = (
					"$(inherited)",
					"@executable_path/Frameworks",
				);
				MARKETING_VERSION = 1.0;
				PRODUCT_BUNDLE_IDENTIFIER = com.abdulvokhid.Moonshot;
				PRODUCT_NAME = "$(TARGET_NAME)";
				SWIFT_EMIT_LOC_STRINGS = YES;
				SWIFT_VERSION = 5.0;
				TARGETED_DEVICE_FAMILY = "1,2";
			};
			name = Debug;
		};
		F9CEBB7729F40B4D00CAAEBA /* Release */ = {
			isa = XCBuildConfiguration;
			buildSettings = {
				ASSETCATALOG_COMPILER_APPICON_NAME = AppIcon;
				ASSETCATALOG_COMPILER_GLOBAL_ACCENT_COLOR_NAME = AccentColor;
				CODE_SIGN_STYLE = Automatic;
				CURRENT_PROJECT_VERSION = 1;
				DEVELOPMENT_ASSET_PATHS = "\"Moonshot/Preview Content\"";
				DEVELOPMENT_TEAM = S2Q9K469B7;
				ENABLE_PREVIEWS = YES;
				GENERATE_INFOPLIST_FILE = YES;
				INFOPLIST_KEY_UIApplicationSceneManifest_Generation = YES;
				INFOPLIST_KEY_UIApplicationSupportsIndirectInputEvents = YES;
				INFOPLIST_KEY_UILaunchScreen_Generation = YES;
				INFOPLIST_KEY_UISupportedInterfaceOrientations_iPad = "UIInterfaceOrientationPortrait UIInterfaceOrientationPortraitUpsideDown UIInterfaceOrientationLandscapeLeft UIInterfaceOrientationLandscapeRight";
				INFOPLIST_KEY_UISupportedInterfaceOrientations_iPhone = "UIInterfaceOrientationPortrait UIInterfaceOrientationLandscapeLeft UIInterfaceOrientationLandscapeRight";
				LD_RUNPATH_SEARCH_PATHS = (
					"$(inherited)",
					"@executable_path/Frameworks",
				);
				MARKETING_VERSION = 1.0;
				PRODUCT_BUNDLE_IDENTIFIER = com.abdulvokhid.Moonshot;
				PRODUCT_NAME = "$(TARGET_NAME)";
				SWIFT_EMIT_LOC_STRINGS = YES;
				SWIFT_VERSION = 5.0;
				TARGETED_DEVICE_FAMILY = "1,2";
			};
			name = Release;
		};
/* End XCBuildConfiguration section */

/* Begin XCConfigurationList section */
		F9CEBB6229F40B4B00CAAEBA /* Build configuration list for PBXProject "Moonshot" */ = {
			isa = XCConfigurationList;
			buildConfigurations = (
				F9CEBB7329F40B4D00CAAEBA /* Debug */,
				F9CEBB7429F40B4D00CAAEBA /* Release */,
			);
			defaultConfigurationIsVisible = 0;
			defaultConfigurationName = Release;
		};
		F9CEBB7529F40B4D00CAAEBA /* Build configuration list for PBXNativeTarget "Moonshot" */ = {
			isa = XCConfigurationList;
			buildConfigurations = (
				F9CEBB7629F40B4D00CAAEBA /* Debug */,
				F9CEBB7729F40B4D00CAAEBA /* Release */,
			);
			defaultConfigurationIsVisible = 0;
			defaultConfigurationName = Release;
		};
/* End XCConfigurationList section */
	};
	rootObject = F9CEBB5F29F40B4B00CAAEBA /* Project object */;
}
